
Microsoft Visual Studio Solution File, Format Version 12.00
# Visual Studio Version 16
VisualStudioVersion = 16.0.30104.148
MinimumVisualStudioVersion = 10.0.40219.1
Project("{FAE04EC0-301F-11D3-BF4B-00C04F79EFBC}") = "Expense-Tracker-App.Android", "Expense-Tracker-App.Android\Expense-Tracker-App.Android.csproj", "{F238138A-2BB7-4C5C-B750-240D89798769}"
EndProject
Project("{FAE04EC0-301F-11D3-BF4B-00C04F79EFBC}") = "Expense-Tracker-App.iOS", "Expense-Tracker-App.iOS\Expense-Tracker-App.iOS.csproj", "{58CF067A-7A43-47C5-968F-C0881CCBE926}"
EndProject
Project("{FAE04EC0-301F-11D3-BF4B-00C04F79EFBC}") = "Expense-Tracker-App", "Expense-Tracker-App\Expense-Tracker-App.csproj", "{5D87EC67-15A8-4EB9-BF2E-E4DC54C0C0CD}"
EndProject
Global
	GlobalSection(SolutionConfigurationPlatforms) = preSolution
		Debug|Any CPU = Debug|Any CPU
		Debug|iPhone = Debug|iPhone
		Debug|iPhoneSimulator = Debug|iPhoneSimulator
		Release|Any CPU = Release|Any CPU
		Release|iPhone = Release|iPhone
		Release|iPhoneSimulator = Release|iPhoneSimulator
	EndGlobalSection
	GlobalSection(ProjectConfigurationPlatforms) = postSolution
		{F238138A-2BB7-4C5C-B750-240D89798769}.Debug|Any CPU.ActiveCfg = Debug|Any CPU
		{F238138A-2BB7-4C5C-B750-240D89798769}.Debug|Any CPU.Build.0 = Debug|Any CPU
		{F238138A-2BB7-4C5C-B750-240D89798769}.Debug|Any CPU.Deploy.0 = Debug|Any CPU
		{F238138A-2BB7-4C5C-B750-240D89798769}.Debug|iPhone.ActiveCfg = Debug|Any CPU
		{F238138A-2BB7-4C5C-B750-240D89798769}.Debug|iPhone.Build.0 = Debug|Any CPU
		{F238138A-2BB7-4C5C-B750-240D89798769}.Debug|iPhone.Deploy.0 = Debug|Any CPU
		{F238138A-2BB7-4C5C-B750-240D89798769}.Debug|iPhoneSimulator.ActiveCfg = Debug|Any CPU
		{F238138A-2BB7-4C5C-B750-240D89798769}.Debug|iPhoneSimulator.Build.0 = Debug|Any CPU
		{F238138A-2BB7-4C5C-B750-240D89798769}.Debug|iPhoneSimulator.Deploy.0 = Debug|Any CPU
		{F238138A-2BB7-4C5C-B750-240D89798769}.Release|Any CPU.ActiveCfg = Release|Any CPU
		{F238138A-2BB7-4C5C-B750-240D89798769}.Release|Any CPU.Build.0 = Release|Any CPU
		{F238138A-2BB7-4C5C-B750-240D89798769}.Release|Any CPU.Deploy.0 = Release|Any CPU
		{F238138A-2BB7-4C5C-B750-240D89798769}.Release|iPhone.ActiveCfg = Release|Any CPU
		{F238138A-2BB7-4C5C-B750-240D89798769}.Release|iPhone.Build.0 = Release|Any CPU
		{F238138A-2BB7-4C5C-B750-240D89798769}.Release|iPhone.Deploy.0 = Release|Any CPU
		{F238138A-2BB7-4C5C-B750-240D89798769}.Release|iPhoneSimulator.ActiveCfg = Release|Any CPU
		{F238138A-2BB7-4C5C-B750-240D89798769}.Release|iPhoneSimulator.Build.0 = Release|Any CPU
		{F238138A-2BB7-4C5C-B750-240D89798769}.Release|iPhoneSimulator.Deploy.0 = Release|Any CPU
		{58CF067A-7A43-47C5-968F-C0881CCBE926}.Debug|Any CPU.ActiveCfg = Debug|iPhone
		{58CF067A-7A43-47C5-968F-C0881CCBE926}.Debug|Any CPU.Build.0 = Debug|iPhone
		{58CF067A-7A43-47C5-968F-C0881CCBE926}.Debug|Any CPU.Deploy.0 = Debug|iPhone
		{58CF067A-7A43-47C5-968F-C0881CCBE926}.Debug|iPhone.ActiveCfg = Debug|iPhone
		{58CF067A-7A43-47C5-968F-C0881CCBE926}.Debug|iPhone.Build.0 = Debug|iPhone
		{58CF067A-7A43-47C5-968F-C0881CCBE926}.Debug|iPhone.Deploy.0 = Debug|iPhone
		{58CF067A-7A43-47C5-968F-C0881CCBE926}.Debug|iPhoneSimulator.ActiveCfg = Debug|iPhoneSimulator
		{58CF067A-7A43-47C5-968F-C0881CCBE926}.Debug|iPhoneSimulator.Build.0 = Debug|iPhoneSimulator
		{58CF067A-7A43-47C5-968F-C0881CCBE926}.Debug|iPhoneSimulator.Deploy.0 = Debug|iPhoneSimulator
		{58CF067A-7A43-47C5-968F-C0881CCBE926}.Release|Any CPU.ActiveCfg = Release|iPhone
		{58CF067A-7A43-47C5-968F-C0881CCBE926}.Release|Any CPU.Build.0 = Release|iPhone
		{58CF067A-7A43-47C5-968F-C0881CCBE926}.Release|Any CPU.Deploy.0 = Release|iPhone
		{58CF067A-7A43-47C5-968F-C0881CCBE926}.Release|iPhone.ActiveCfg = Release|iPhone
		{58CF067A-7A43-47C5-968F-C0881CCBE926}.Release|iPhone.Build.0 = Release|iPhone
		{58CF067A-7A43-47C5-968F-C0881CCBE926}.Release|iPhone.Deploy.0 = Release|iPhone
		{58CF067A-7A43-47C5-968F-C0881CCBE926}.Release|iPhoneSimulator.ActiveCfg = Release|iPhoneSimulator
		{58CF067A-7A43-47C5-968F-C0881CCBE926}.Release|iPhoneSimulator.Build.0 = Release|iPhoneSimulator
		{58CF067A-7A43-47C5-968F-C0881CCBE926}.Release|iPhoneSimulator.Deploy.0 = Release|iPhoneSimulator
		{5D87EC67-15A8-4EB9-BF2E-E4DC54C0C0CD}.Debug|Any CPU.ActiveCfg = Debug|Any CPU
		{5D87EC67-15A8-4EB9-BF2E-E4DC54C0C0CD}.Debug|Any CPU.Build.0 = Debug|Any CPU
		{5D87EC67-15A8-4EB9-BF2E-E4DC54C0C0CD}.Debug|Any CPU.Deploy.0 = Debug|Any CPU
		{5D87EC67-15A8-4EB9-BF2E-E4DC54C0C0CD}.Debug|iPhone.ActiveCfg = Debug|Any CPU
		{5D87EC67-15A8-4EB9-BF2E-E4DC54C0C0CD}.Debug|iPhone.Build.0 = Debug|Any CPU
		{5D87EC67-15A8-4EB9-BF2E-E4DC54C0C0CD}.Debug|iPhone.Deploy.0 = Debug|Any CPU
		{5D87EC67-15A8-4EB9-BF2E-E4DC54C0C0CD}.Debug|iPhoneSimulator.ActiveCfg = Debug|Any CPU
		{5D87EC67-15A8-4EB9-BF2E-E4DC54C0C0CD}.Debug|iPhoneSimulator.Build.0 = Debug|Any CPU
		{5D87EC67-15A8-4EB9-BF2E-E4DC54C0C0CD}.Debug|iPhoneSimulator.Deploy.0 = Debug|Any CPU
		{5D87EC67-15A8-4EB9-BF2E-E4DC54C0C0CD}.Release|Any CPU.ActiveCfg = Release|Any CPU
		{5D87EC67-15A8-4EB9-BF2E-E4DC54C0C0CD}.Release|Any CPU.Build.0 = Release|Any CPU
		{5D87EC67-15A8-4EB9-BF2E-E4DC54C0C0CD}.Release|Any CPU.Deploy.0 = Release|Any CPU
		{5D87EC67-15A8-4EB9-BF2E-E4DC54C0C0CD}.Release|iPhone.ActiveCfg = Release|Any CPU
		{5D87EC67-15A8-4EB9-BF2E-E4DC54C0C0CD}.Release|iPhone.Build.0 = Release|Any CPU
		{5D87EC67-15A8-4EB9-BF2E-E4DC54C0C0CD}.Release|iPhone.Deploy.0 = Release|Any CPU
		{5D87EC67-15A8-4EB9-BF2E-E4DC54C0C0CD}.Release|iPhoneSimulator.ActiveCfg = Release|Any CPU
		{5D87EC67-15A8-4EB9-BF2E-E4DC54C0C0CD}.Release|iPhoneSimulator.Build.0 = Release|Any CPU
		{5D87EC67-15A8-4EB9-BF2E-E4DC54C0C0CD}.Release|iPhoneSimulator.Deploy.0 = Release|Any CPU
	EndGlobalSection
	GlobalSection(SolutionProperties) = preSolution
		HideSolutionNode = FALSE
	EndGlobalSection
	GlobalSection(ExtensibilityGlobals) = postSolution
		SolutionGuid = {25639B75-A9FC-4207-A66B-6C9510511860}
	EndGlobalSection
EndGlobal
